
Microsoft Visual Studio Solution File, Format Version 12.00
# Visual Studio Version 17
VisualStudioVersion = 17.2.32616.157
MinimumVisualStudioVersion = 10.0.40219.1
Project("{FAE04EC0-301F-11D3-BF4B-00C04F79EFBC}") = "ProductCLITool", "ProductCLITool\ProductCLITool.csproj", "{632FF18C-8C06-4CD9-B523-B378DF0608D1}"
EndProject
Project("{FAE04EC0-301F-11D3-BF4B-00C04F79EFBC}") = "ProductCLITool.Testing", "ProductCLITool.Testing\ProductCLITool.Testing.csproj", "{D41B9144-1EE0-44AC-B0A1-2B72A495AB1E}"
EndProject
Global
	GlobalSection(SolutionConfigurationPlatforms) = preSolution
		Debug|Any CPU = Debug|Any CPU
		Release|Any CPU = Release|Any CPU
	EndGlobalSection
	GlobalSection(ProjectConfigurationPlatforms) = postSolution
		{632FF18C-8C06-4CD9-B523-B378DF0608D1}.Debug|Any CPU.ActiveCfg = Debug|Any CPU
		{632FF18C-8C06-4CD9-B523-B378DF0608D1}.Debug|Any CPU.Build.0 = Debug|Any CPU
		{632FF18C-8C06-4CD9-B523-B378DF0608D1}.Release|Any CPU.ActiveCfg = Release|Any CPU
		{632FF18C-8C06-4CD9-B523-B378DF0608D1}.Release|Any CPU.Build.0 = Release|Any CPU
		{D41B9144-1EE0-44AC-B0A1-2B72A495AB1E}.Debug|Any CPU.ActiveCfg = Debug|Any CPU
		{D41B9144-1EE0-44AC-B0A1-2B72A495AB1E}.Debug|Any CPU.Build.0 = Debug|Any CPU
		{D41B9144-1EE0-44AC-B0A1-2B72A495AB1E}.Release|Any CPU.ActiveCfg = Release|Any CPU
		{D41B9144-1EE0-44AC-B0A1-2B72A495AB1E}.Release|Any CPU.Build.0 = Release|Any CPU
	EndGlobalSection
	GlobalSection(SolutionProperties) = preSolution
		HideSolutionNode = FALSE
	EndGlobalSection
	GlobalSection(ExtensibilityGlobals) = postSolution
		SolutionGuid = {2C7BA016-3355-471C-A47C-D555619B5769}
	EndGlobalSection
EndGlobal
